
Microsoft Visual Studio Solution File, Format Version 12.00
# Visual Studio Version 17
VisualStudioVersion = 17.6.33815.320
MinimumVisualStudioVersion = 10.0.40219.1
Project("{FAE04EC0-301F-11D3-BF4B-00C04F79EFBC}") = "KataKana", "KataKana\KataKana.csproj", "{3510FE77-3B9F-42B7-B4BD-148A9B960B39}"
EndProject
Project("{FAE04EC0-301F-11D3-BF4B-00C04F79EFBC}") = "KataKana_Tests", "KataKana_Tests\KataKana_Tests.csproj", "{715B5531-7FEC-4980-B7AF-16954F3B202D}"
EndProject
Global
	GlobalSection(SolutionConfigurationPlatforms) = preSolution
		Debug|Any CPU = Debug|Any CPU
		Release|Any CPU = Release|Any CPU
	EndGlobalSection
	GlobalSection(ProjectConfigurationPlatforms) = postSolution
		{3510FE77-3B9F-42B7-B4BD-148A9B960B39}.Debug|Any CPU.ActiveCfg = Debug|Any CPU
		{3510FE77-3B9F-42B7-B4BD-148A9B960B39}.Debug|Any CPU.Build.0 = Debug|Any CPU
		{3510FE77-3B9F-42B7-B4BD-148A9B960B39}.Release|Any CPU.ActiveCfg = Release|Any CPU
		{3510FE77-3B9F-42B7-B4BD-148A9B960B39}.Release|Any CPU.Build.0 = Release|Any CPU
		{715B5531-7FEC-4980-B7AF-16954F3B202D}.Debug|Any CPU.ActiveCfg = Debug|Any CPU
		{715B5531-7FEC-4980-B7AF-16954F3B202D}.Debug|Any CPU.Build.0 = Debug|Any CPU
		{715B5531-7FEC-4980-B7AF-16954F3B202D}.Release|Any CPU.ActiveCfg = Release|Any CPU
		{715B5531-7FEC-4980-B7AF-16954F3B202D}.Release|Any CPU.Build.0 = Release|Any CPU
	EndGlobalSection
	GlobalSection(SolutionProperties) = preSolution
		HideSolutionNode = FALSE
	EndGlobalSection
	GlobalSection(ExtensibilityGlobals) = postSolution
		SolutionGuid = {11F800FF-3D32-43CB-AABD-0ED2458CC4A5}
	EndGlobalSection
EndGlobal
